
Microsoft Visual Studio Solution File, Format Version 12.00
# Visual Studio Version 16
VisualStudioVersion = 16.0.31729.503
MinimumVisualStudioVersion = 10.0.40219.1
Project("{FAE04EC0-301F-11D3-BF4B-00C04F79EFBC}") = "Retro Runner", "Retro Runner\Retro Runner.csproj", "{4FA4C0F8-0342-4603-89AC-AE5E8D1CBFDF}"
EndProject
Global
	GlobalSection(SolutionConfigurationPlatforms) = preSolution
		Debug|Any CPU = Debug|Any CPU
		Release|Any CPU = Release|Any CPU
	EndGlobalSection
	GlobalSection(ProjectConfigurationPlatforms) = postSolution
		{4FA4C0F8-0342-4603-89AC-AE5E8D1CBFDF}.Debug|Any CPU.ActiveCfg = Debug|Any CPU
		{4FA4C0F8-0342-4603-89AC-AE5E8D1CBFDF}.Debug|Any CPU.Build.0 = Debug|Any CPU
		{4FA4C0F8-0342-4603-89AC-AE5E8D1CBFDF}.Release|Any CPU.ActiveCfg = Release|Any CPU
		{4FA4C0F8-0342-4603-89AC-AE5E8D1CBFDF}.Release|Any CPU.Build.0 = Release|Any CPU
	EndGlobalSection
	GlobalSection(SolutionProperties) = preSolution
		HideSolutionNode = FALSE
	EndGlobalSection
	GlobalSection(ExtensibilityGlobals) = postSolution
		SolutionGuid = {00994ADC-16CB-4B14-906B-0909D9F58473}
	EndGlobalSection
EndGlobal
